// !$*UTF8*$!
{
	archiveVersion = 1;
	classes = {
	};
	objectVersion = 46;
	objects = {

/* Begin PBXBuildFile section */
		0B4506C116CAE65E001B35C4 /* Cocoa.framework in Frameworks */ = {isa = PBXBuildFile; fileRef = 0B4506C016CAE65E001B35C4 /* Cocoa.framework */; };
		0B4506CB16CAE65E001B35C4 /* InfoPlist.strings in Resources */ = {isa = PBXBuildFile; fileRef = 0B4506C916CAE65E001B35C4 /* InfoPlist.strings */; };
		0B4506CD16CAE65E001B35C4 /* main.m in Sources */ = {isa = PBXBuildFile; fileRef = 0B4506CC16CAE65E001B35C4 /* main.m */; };
		0B4506D116CAE65E001B35C4 /* Credits.rtf in Resources */ = {isa = PBXBuildFile; fileRef = 0B4506CF16CAE65E001B35C4 /* Credits.rtf */; };
		0B4506D416CAE65E001B35C4 /* JJZAppDelegate.m in Sources */ = {isa = PBXBuildFile; fileRef = 0B4506D316CAE65E001B35C4 /* JJZAppDelegate.m */; };
		0B4506D716CAE65F001B35C4 /* MainMenu.xib in Resources */ = {isa = PBXBuildFile; fileRef = 0B4506D516CAE65F001B35C4 /* MainMenu.xib */; };
/* End PBXBuildFile section */

/* Begin PBXFileReference section */
		0B4506BD16CAE65E001B35C4 /* NSOperationQueueTest.app */ = {isa = PBXFileReference; explicitFileType = wrapper.application; includeInIndex = 0; path = NSOperationQueueTest.app; sourceTree = BUILT_PRODUCTS_DIR; };
		0B4506C016CAE65E001B35C4 /* Cocoa.framework */ = {isa = PBXFileReference; lastKnownFileType = wrapper.framework; name = Cocoa.framework; path = System/Library/Frameworks/Cocoa.framework; sourceTree = SDKROOT; };
		0B4506C316CAE65E001B35C4 /* AppKit.framework */ = {isa = PBXFileReference; lastKnownFileType = wrapper.framework; name = AppKit.framework; path = System/Library/Frameworks/AppKit.framework; sourceTree = SDKROOT; };
		0B4506C416CAE65E001B35C4 /* CoreData.framework */ = {isa = PBXFileReference; lastKnownFileType = wrapper.framework; name = CoreData.framework; path = System/Library/Frameworks/CoreData.framework; sourceTree = SDKROOT; };
		0B4506C516CAE65E001B35C4 /* Foundation.framework */ = {isa = PBXFileReference; lastKnownFileType = wrapper.framework; name = Foundation.framework; path = System/Library/Frameworks/Foundation.framework; sourceTree = SDKROOT; };
		0B4506C816CAE65E001B35C4 /* NSOperationQueueTest-Info.plist */ = {isa = PBXFileReference; lastKnownFileType = text.plist.xml; path = "NSOperationQueueTest-Info.plist"; sourceTree = "<group>"; };
		0B4506CA16CAE65E001B35C4 /* en */ = {isa = PBXFileReference; lastKnownFileType = text.plist.strings; name = en; path = en.lproj/InfoPlist.strings; sourceTree = "<group>"; };
		0B4506CC16CAE65E001B35C4 /* main.m */ = {isa = PBXFileReference; lastKnownFileType = sourcecode.c.objc; path = main.m; sourceTree = "<group>"; };
		0B4506CE16CAE65E001B35C4 /* NSOperationQueueTest-Prefix.pch */ = {isa = PBXFileReference; lastKnownFileType = sourcecode.c.h; path = "NSOperationQueueTest-Prefix.pch"; sourceTree = "<group>"; };
		0B4506D016CAE65E001B35C4 /* en */ = {isa = PBXFileReference; lastKnownFileType = text.rtf; name = en; path = en.lproj/Credits.rtf; sourceTree = "<group>"; };
		0B4506D216CAE65E001B35C4 /* JJZAppDelegate.h */ = {isa = PBXFileReference; lastKnownFileType = sourcecode.c.h; path = JJZAppDelegate.h; sourceTree = "<group>"; };
		0B4506D316CAE65E001B35C4 /* JJZAppDelegate.m */ = {isa = PBXFileReference; lastKnownFileType = sourcecode.c.objc; path = JJZAppDelegate.m; sourceTree = "<group>"; };
		0B4506D616CAE65F001B35C4 /* en */ = {isa = PBXFileReference; lastKnownFileType = file.xib; name = en; path = en.lproj/MainMenu.xib; sourceTree = "<group>"; };
/* End PBXFileReference section */

/* Begin PBXFrameworksBuildPhase section */
		0B4506BA16CAE65E001B35C4 /* Frameworks */ = {
			isa = PBXFrameworksBuildPhase;
			buildActionMask = 2147483647;
			files = (
				0B4506C116CAE65E001B35C4 /* Cocoa.framework in Frameworks */,
			);
			runOnlyForDeploymentPostprocessing = 0;
		};
/* End PBXFrameworksBuildPhase section */

/* Begin PBXGroup section */
		0B4506B416CAE65E001B35C4 = {
			isa = PBXGroup;
			children = (
				0B4506C616CAE65E001B35C4 /* NSOperationQueueTest */,
				0B4506BF16CAE65E001B35C4 /* Frameworks */,
				0B4506BE16CAE65E001B35C4 /* Products */,
			);
			sourceTree = "<group>";
		};
		0B4506BE16CAE65E001B35C4 /* Products */ = {
			isa = PBXGroup;
			children = (
				0B4506BD16CAE65E001B35C4 /* NSOperationQueueTest.app */,
			);
			name = Products;
			sourceTree = "<group>";
		};
		0B4506BF16CAE65E001B35C4 /* Frameworks */ = {
			isa = PBXGroup;
			children = (
				0B4506C016CAE65E001B35C4 /* Cocoa.framework */,
				0B4506C216CAE65E001B35C4 /* Other Frameworks */,
			);
			name = Frameworks;
			sourceTree = "<group>";
		};
		0B4506C216CAE65E001B35C4 /* Other Frameworks */ = {
			isa = PBXGroup;
			children = (
				0B4506C316CAE65E001B35C4 /* AppKit.framework */,
				0B4506C416CAE65E001B35C4 /* CoreData.framework */,
				0B4506C516CAE65E001B35C4 /* Foundation.framework */,
			);
			name = "Other Frameworks";
			sourceTree = "<group>";
		};
		0B4506C616CAE65E001B35C4 /* NSOperationQueueTest */ = {
			isa = PBXGroup;
			children = (
				0B4506D216CAE65E001B35C4 /* JJZAppDelegate.h */,
				0B4506D316CAE65E001B35C4 /* JJZAppDelegate.m */,
				0B4506D516CAE65F001B35C4 /* MainMenu.xib */,
				0B4506C716CAE65E001B35C4 /* Supporting Files */,
			);
			path = NSOperationQueueTest;
			sourceTree = "<group>";
		};
		0B4506C716CAE65E001B35C4 /* Supporting Files */ = {
			isa = PBXGroup;
			children = (
				0B4506C816CAE65E001B35C4 /* NSOperationQueueTest-Info.plist */,
				0B4506C916CAE65E001B35C4 /* InfoPlist.strings */,
				0B4506CC16CAE65E001B35C4 /* main.m */,
				0B4506CE16CAE65E001B35C4 /* NSOperationQueueTest-Prefix.pch */,
				0B4506CF16CAE65E001B35C4 /* Credits.rtf */,
			);
			name = "Supporting Files";
			sourceTree = "<group>";
		};
/* End PBXGroup section */

/* Begin PBXNativeTarget section */
		0B4506BC16CAE65E001B35C4 /* NSOperationQueueTest */ = {
			isa = PBXNativeTarget;
			buildConfigurationList = 0B4506DA16CAE65F001B35C4 /* Build configuration list for PBXNativeTarget "NSOperationQueueTest" */;
			buildPhases = (
				0B4506B916CAE65E001B35C4 /* Sources */,
				0B4506BA16CAE65E001B35C4 /* Frameworks */,
				0B4506BB16CAE65E001B35C4 /* Resources */,
			);
			buildRules = (
			);
			dependencies = (
			);
			name = NSOperationQueueTest;
			productName = NSOperationQueueTest;
			productReference = 0B4506BD16CAE65E001B35C4 /* NSOperationQueueTest.app */;
			productType = "com.apple.product-type.application";
		};
/* End PBXNativeTarget section */

/* Begin PBXProject section */
		0B4506B516CAE65E001B35C4 /* Project object */ = {
			isa = PBXProject;
			attributes = {
				CLASSPREFIX = JJZ;
				LastUpgradeCheck = 0460;
				ORGANIZATIONNAME = "BullittSystems, Inc.";
			};
			buildConfigurationList = 0B4506B816CAE65E001B35C4 /* Build configuration list for PBXProject "NSOperationQueueTest" */;
			compatibilityVersion = "Xcode 3.2";
			developmentRegion = English;
			hasScannedForEncodings = 0;
			knownRegions = (
				en,
			);
			mainGroup = 0B4506B416CAE65E001B35C4;
			productRefGroup = 0B4506BE16CAE65E001B35C4 /* Products */;
			projectDirPath = "";
			projectRoot = "";
			targets = (
				0B4506BC16CAE65E001B35C4 /* NSOperationQueueTest */,
			);
		};
/* End PBXProject section */

/* Begin PBXResourcesBuildPhase section */
		0B4506BB16CAE65E001B35C4 /* Resources */ = {
			isa = PBXResourcesBuildPhase;
			buildActionMask = 2147483647;
			files = (
				0B4506CB16CAE65E001B35C4 /* InfoPlist.strings in Resources */,
				0B4506D116CAE65E001B35C4 /* Credits.rtf in Resources */,
				0B4506D716CAE65F001B35C4 /* MainMenu.xib in Resources */,
			);
			runOnlyForDeploymentPostprocessing = 0;
		};
/* End PBXResourcesBuildPhase section */

/* Begin PBXSourcesBuildPhase section */
		0B4506B916CAE65E001B35C4 /* Sources */ = {
			isa = PBXSourcesBuildPhase;
			buildActionMask = 2147483647;
			files = (
				0B4506CD16CAE65E001B35C4 /* main.m in Sources */,
				0B4506D416CAE65E001B35C4 /* JJZAppDelegate.m in Sources */,
			);
			runOnlyForDeploymentPostprocessing = 0;
		};
/* End PBXSourcesBuildPhase section */

/* Begin PBXVariantGroup section */
		0B4506C916CAE65E001B35C4 /* InfoPlist.strings */ = {
			isa = PBXVariantGroup;
			children = (
				0B4506CA16CAE65E001B35C4 /* en */,
			);
			name = InfoPlist.strings;
			sourceTree = "<group>";
		};
		0B4506CF16CAE65E001B35C4 /* Credits.rtf */ = {
			isa = PBXVariantGroup;
			children = (
				0B4506D016CAE65E001B35C4 /* en */,
			);
			name = Credits.rtf;
			sourceTree = "<group>";
		};
		0B4506D516CAE65F001B35C4 /* MainMenu.xib */ = {
			isa = PBXVariantGroup;
			children = (
				0B4506D616CAE65F001B35C4 /* en */,
			);
			name = MainMenu.xib;
			sourceTree = "<group>";
		};
/* End PBXVariantGroup section */

/* Begin XCBuildConfiguration section */
		0B4506D816CAE65F001B35C4 /* Debug */ = {
			isa = XCBuildConfiguration;
			buildSettings = {
				ALWAYS_SEARCH_USER_PATHS = NO;
				ARCHS = "$(ARCHS_STANDARD_64_BIT)";
				CLANG_CXX_LANGUAGE_STANDARD = "gnu++0x";
				CLANG_CXX_LIBRARY = "libc++";
				CLANG_ENABLE_OBJC_ARC = YES;
				CLANG_WARN_CONSTANT_CONVERSION = YES;
				CLANG_WARN_EMPTY_BODY = YES;
				CLANG_WARN_ENUM_CONVERSION = YES;
				CLANG_WARN_INT_CONVERSION = YES;
				CLANG_WARN__DUPLICATE_METHOD_MATCH = YES;
				COPY_PHASE_STRIP = NO;
				GCC_C_LANGUAGE_STANDARD = gnu99;
				GCC_DYNAMIC_NO_PIC = NO;
				GCC_ENABLE_OBJC_EXCEPTIONS = YES;
				GCC_OPTIMIZATION_LEVEL = 0;
				GCC_PREPROCESSOR_DEFINITIONS = (
					"DEBUG=1",
					"$(inherited)",
				);
				GCC_SYMBOLS_PRIVATE_EXTERN = NO;
				GCC_WARN_64_TO_32_BIT_CONVERSION = YES;
				GCC_WARN_ABOUT_RETURN_TYPE = YES;
				GCC_WARN_UNINITIALIZED_AUTOS = YES;
				GCC_WARN_UNUSED_VARIABLE = YES;
				MACOSX_DEPLOYMENT_TARGET = 10.8;
				ONLY_ACTIVE_ARCH = YES;
				SDKROOT = macosx;
			};
			name = Debug;
		};
		0B4506D916CAE65F001B35C4 /* Release */ = {
			isa = XCBuildConfiguration;
			buildSettings = {
				ALWAYS_SEARCH_USER_PATHS = NO;
				ARCHS = "$(ARCHS_STANDARD_64_BIT)";
				CLANG_CXX_LANGUAGE_STANDARD = "gnu++0x";
				CLANG_CXX_LIBRARY = "libc++";
				CLANG_ENABLE_OBJC_ARC = YES;
				CLANG_WARN_CONSTANT_CONVERSION = YES;
				CLANG_WARN_EMPTY_BODY = YES;
				CLANG_WARN_ENUM_CONVERSION = YES;
				CLANG_WARN_INT_CONVERSION = YES;
				CLANG_WARN__DUPLICATE_METHOD_MATCH = YES;
				COPY_PHASE_STRIP = YES;
				DEBUG_INFORMATION_FORMAT = "dwarf-with-dsym";
				GCC_C_LANGUAGE_STANDARD = gnu99;
				GCC_ENABLE_OBJC_EXCEPTIONS = YES;
				GCC_WARN_64_TO_32_BIT_CONVERSION = YES;
				GCC_WARN_ABOUT_RETURN_TYPE = YES;
				GCC_WARN_UNINITIALIZED_AUTOS = YES;
				GCC_WARN_UNUSED_VARIABLE = YES;
				MACOSX_DEPLOYMENT_TARGET = 10.8;
				SDKROOT = macosx;
			};
			name = Release;
		};
		0B4506DB16CAE65F001B35C4 /* Debug */ = {
			isa = XCBuildConfiguration;
			buildSettings = {
				COMBINE_HIDPI_IMAGES = YES;
				GCC_PRECOMPILE_PREFIX_HEADER = YES;
				GCC_PREFIX_HEADER = "NSOperationQueueTest/NSOperationQueueTest-Prefix.pch";
				INFOPLIST_FILE = "NSOperationQueueTest/NSOperationQueueTest-Info.plist";
				PRODUCT_NAME = "$(TARGET_NAME)";
				WRAPPER_EXTENSION = app;
			};
			name = Debug;
		};
		0B4506DC16CAE65F001B35C4 /* Release */ = {
			isa = XCBuildConfiguration;
			buildSettings = {
				COMBINE_HIDPI_IMAGES = YES;
				GCC_PRECOMPILE_PREFIX_HEADER = YES;
				GCC_PREFIX_HEADER = "NSOperationQueueTest/NSOperationQueueTest-Prefix.pch";
				INFOPLIST_FILE = "NSOperationQueueTest/NSOperationQueueTest-Info.plist";
				PRODUCT_NAME = "$(TARGET_NAME)";
				WRAPPER_EXTENSION = app;
			};
			name = Release;
		};
/* End XCBuildConfiguration section */

/* Begin XCConfigurationList section */
		0B4506B816CAE65E001B35C4 /* Build configuration list for PBXProject "NSOperationQueueTest" */ = {
			isa = XCConfigurationList;
			buildConfigurations = (
				0B4506D816CAE65F001B35C4 /* Debug */,
				0B4506D916CAE65F001B35C4 /* Release */,
			);
			defaultConfigurationIsVisible = 0;
			defaultConfigurationName = Release;
		};
		0B4506DA16CAE65F001B35C4 /* Build configuration list for PBXNativeTarget "NSOperationQueueTest" */ = {
			isa = XCConfigurationList;
			buildConfigurations = (
				0B4506DB16CAE65F001B35C4 /* Debug */,
				0B4506DC16CAE65F001B35C4 /* Release */,
			);
			defaultConfigurationIsVisible = 0;
		};
/* End XCConfigurationList section */
	};
	rootObject = 0B4506B516CAE65E001B35C4 /* Project object */;
}
